// !$*UTF8*$!
{
	archiveVersion = 1;
	classes = {
	};
	objectVersion = 77;
	objects = {

/* Begin PBXBuildFile section */
		5DBF23982DF3E02B00A5266F /* AudioKit in Frameworks */ = {isa = PBXBuildFile; productRef = 5DBF23972DF3E02B00A5266F /* AudioKit */; };
		5DBF239B2DF3E06F00A5266F /* AudioKitUI in Frameworks */ = {isa = PBXBuildFile; productRef = 5DBF239A2DF3E06F00A5266F /* AudioKitUI */; };
/* End PBXBuildFile section */

/* Begin PBXContainerItemProxy section */
		5DEE4C992DF273F100A7684B /* PBXContainerItemProxy */ = {
			isa = PBXContainerItemProxy;
			containerPortal = 5DEE4C832DF273EF00A7684B /* Project object */;
			proxyType = 1;
			remoteGlobalIDString = 5DEE4C8A2DF273EF00A7684B;
			remoteInfo = VBANMic;
		};
		5DEE4CA32DF273F100A7684B /* PBXContainerItemProxy */ = {
			isa = PBXContainerItemProxy;
			containerPortal = 5DEE4C832DF273EF00A7684B /* Project object */;
			proxyType = 1;
			remoteGlobalIDString = 5DEE4C8A2DF273EF00A7684B;
			remoteInfo = VBANMic;
		};
/* End PBXContainerItemProxy section */

/* Begin PBXFileReference section */
		5DEE4C8B2DF273EF00A7684B /* VBANMic.app */ = {isa = PBXFileReference; explicitFileType = wrapper.application; includeInIndex = 0; path = VBANMic.app; sourceTree = BUILT_PRODUCTS_DIR; };
		5DEE4C982DF273F100A7684B /* VBANMicTests.xctest */ = {isa = PBXFileReference; explicitFileType = wrapper.cfbundle; includeInIndex = 0; path = VBANMicTests.xctest; sourceTree = BUILT_PRODUCTS_DIR; };
		5DEE4CA22DF273F100A7684B /* VBANMicUITests.xctest */ = {isa = PBXFileReference; explicitFileType = wrapper.cfbundle; includeInIndex = 0; path = VBANMicUITests.xctest; sourceTree = BUILT_PRODUCTS_DIR; };
/* End PBXFileReference section */

/* Begin PBXFileSystemSynchronizedRootGroup section */
		5DEE4C8D2DF273EF00A7684B /* VBANMic */ = {
			isa = PBXFileSystemSynchronizedRootGroup;
			path = VBANMic;
			sourceTree = "<group>";
		};
		5DEE4C9B2DF273F100A7684B /* VBANMicTests */ = {
			isa = PBXFileSystemSynchronizedRootGroup;
			path = VBANMicTests;
			sourceTree = "<group>";
		};
		5DEE4CA52DF273F100A7684B /* VBANMicUITests */ = {
			isa = PBXFileSystemSynchronizedRootGroup;
			path = VBANMicUITests;
			sourceTree = "<group>";
		};
/* End PBXFileSystemSynchronizedRootGroup section */

/* Begin PBXFrameworksBuildPhase section */
		5DEE4C882DF273EF00A7684B /* Frameworks */ = {
			isa = PBXFrameworksBuildPhase;
			buildActionMask = 2147483647;
			files = (
				5DBF239B2DF3E06F00A5266F /* AudioKitUI in Frameworks */,
				5DBF23982DF3E02B00A5266F /* AudioKit in Frameworks */,
			);
			runOnlyForDeploymentPostprocessing = 0;
		};
		5DEE4C952DF273F100A7684B /* Frameworks */ = {
			isa = PBXFrameworksBuildPhase;
			buildActionMask = 2147483647;
			files = (
			);
			runOnlyForDeploymentPostprocessing = 0;
		};
		5DEE4C9F2DF273F100A7684B /* Frameworks */ = {
			isa = PBXFrameworksBuildPhase;
			buildActionMask = 2147483647;
			files = (
			);
			runOnlyForDeploymentPostprocessing = 0;
		};
/* End PBXFrameworksBuildPhase section */

/* Begin PBXGroup section */
		5DEE4C822DF273EF00A7684B = {
			isa = PBXGroup;
			children = (
				5DEE4C8D2DF273EF00A7684B /* VBANMic */,
				5DEE4C9B2DF273F100A7684B /* VBANMicTests */,
				5DEE4CA52DF273F100A7684B /* VBANMicUITests */,
				5DEE4C8C2DF273EF00A7684B /* Products */,
			);
			sourceTree = "<group>";
		};
		5DEE4C8C2DF273EF00A7684B /* Products */ = {
			isa = PBXGroup;
			children = (
				5DEE4C8B2DF273EF00A7684B /* VBANMic.app */,
				5DEE4C982DF273F100A7684B /* VBANMicTests.xctest */,
				5DEE4CA22DF273F100A7684B /* VBANMicUITests.xctest */,
			);
			name = Products;
			sourceTree = "<group>";
		};
/* End PBXGroup section */

/* Begin PBXNativeTarget section */
		5DEE4C8A2DF273EF00A7684B /* VBANMic */ = {
			isa = PBXNativeTarget;
			buildConfigurationList = 5DEE4CAC2DF273F100A7684B /* Build configuration list for PBXNativeTarget "VBANMic" */;
			buildPhases = (
				5DEE4C872DF273EF00A7684B /* Sources */,
				5DEE4C882DF273EF00A7684B /* Frameworks */,
				5DEE4C892DF273EF00A7684B /* Resources */,
			);
			buildRules = (
			);
			dependencies = (
			);
			fileSystemSynchronizedGroups = (
				5DEE4C8D2DF273EF00A7684B /* VBANMic */,
			);
			name = VBANMic;
			packageProductDependencies = (
				5DBF23972DF3E02B00A5266F /* AudioKit */,
				5DBF239A2DF3E06F00A5266F /* AudioKitUI */,
			);
			productName = VBANMic;
			productReference = 5DEE4C8B2DF273EF00A7684B /* VBANMic.app */;
			productType = "com.apple.product-type.application";
		};
		5DEE4C972DF273F100A7684B /* VBANMicTests */ = {
			isa = PBXNativeTarget;
			buildConfigurationList = 5DEE4CAF2DF273F100A7684B /* Build configuration list for PBXNativeTarget "VBANMicTests" */;
			buildPhases = (
				5DEE4C942DF273F100A7684B /* Sources */,
				5DEE4C952DF273F100A7684B /* Frameworks */,
				5DEE4C962DF273F100A7684B /* Resources */,
			);
			buildRules = (
			);
			dependencies = (
				5DEE4C9A2DF273F100A7684B /* PBXTargetDependency */,
			);
			fileSystemSynchronizedGroups = (
				5DEE4C9B2DF273F100A7684B /* VBANMicTests */,
			);
			name = VBANMicTests;
			packageProductDependencies = (
			);
			productName = VBANMicTests;
			productReference = 5DEE4C982DF273F100A7684B /* VBANMicTests.xctest */;
			productType = "com.apple.product-type.bundle.unit-test";
		};
		5DEE4CA12DF273F100A7684B /* VBANMicUITests */ = {
			isa = PBXNativeTarget;
			buildConfigurationList = 5DEE4CB22DF273F100A7684B /* Build configuration list for PBXNativeTarget "VBANMicUITests" */;
			buildPhases = (
				5DEE4C9E2DF273F100A7684B /* Sources */,
				5DEE4C9F2DF273F100A7684B /* Frameworks */,
				5DEE4CA02DF273F100A7684B /* Resources */,
			);
			buildRules = (
			);
			dependencies = (
				5DEE4CA42DF273F100A7684B /* PBXTargetDependency */,
			);
			fileSystemSynchronizedGroups = (
				5DEE4CA52DF273F100A7684B /* VBANMicUITests */,
			);
			name = VBANMicUITests;
			packageProductDependencies = (
			);
			productName = VBANMicUITests;
			productReference = 5DEE4CA22DF273F100A7684B /* VBANMicUITests.xctest */;
			productType = "com.apple.product-type.bundle.ui-testing";
		};
/* End PBXNativeTarget section */

/* Begin PBXProject section */
		5DEE4C832DF273EF00A7684B /* Project object */ = {
			isa = PBXProject;
			attributes = {
				BuildIndependentTargetsInParallel = 1;
				LastSwiftUpdateCheck = 1640;
				LastUpgradeCheck = 1640;
				TargetAttributes = {
					5DEE4C8A2DF273EF00A7684B = {
						CreatedOnToolsVersion = 16.4;
					};
					5DEE4C972DF273F100A7684B = {
						CreatedOnToolsVersion = 16.4;
						TestTargetID = 5DEE4C8A2DF273EF00A7684B;
					};
					5DEE4CA12DF273F100A7684B = {
						CreatedOnToolsVersion = 16.4;
						TestTargetID = 5DEE4C8A2DF273EF00A7684B;
					};
				};
			};
			buildConfigurationList = 5DEE4C862DF273EF00A7684B /* Build configuration list for PBXProject "VBANMic" */;
			developmentRegion = en;
			hasScannedForEncodings = 0;
			knownRegions = (
				en,
				Base,
			);
			mainGroup = 5DEE4C822DF273EF00A7684B;
			minimizedProjectReferenceProxies = 1;
			packageReferences = (
				5DBF23962DF3E02B00A5266F /* XCRemoteSwiftPackageReference "AudioKit" */,
				5DBF23992DF3E06F00A5266F /* XCRemoteSwiftPackageReference "AudioKitUI" */,
			);
			preferredProjectObjectVersion = 77;
			productRefGroup = 5DEE4C8C2DF273EF00A7684B /* Products */;
			projectDirPath = "";
			projectRoot = "";
			targets = (
				5DEE4C8A2DF273EF00A7684B /* VBANMic */,
				5DEE4C972DF273F100A7684B /* VBANMicTests */,
				5DEE4CA12DF273F100A7684B /* VBANMicUITests */,
			);
		};
/* End PBXProject section */

/* Begin PBXResourcesBuildPhase section */
		5DEE4C892DF273EF00A7684B /* Resources */ = {
			isa = PBXResourcesBuildPhase;
			buildActionMask = 2147483647;
			files = (
			);
			runOnlyForDeploymentPostprocessing = 0;
		};
		5DEE4C962DF273F100A7684B /* Resources */ = {
			isa = PBXResourcesBuildPhase;
			buildActionMask = 2147483647;
			files = (
			);
			runOnlyForDeploymentPostprocessing = 0;
		};
		5DEE4CA02DF273F100A7684B /* Resources */ = {
			isa = PBXResourcesBuildPhase;
			buildActionMask = 2147483647;
			files = (
			);
			runOnlyForDeploymentPostprocessing = 0;
		};
/* End PBXResourcesBuildPhase section */

/* Begin PBXSourcesBuildPhase section */
		5DEE4C872DF273EF00A7684B /* Sources */ = {
			isa = PBXSourcesBuildPhase;
			buildActionMask = 2147483647;
			files = (
			);
			runOnlyForDeploymentPostprocessing = 0;
		};
		5DEE4C942DF273F100A7684B /* Sources */ = {
			isa = PBXSourcesBuildPhase;
			buildActionMask = 2147483647;
			files = (
			);
			runOnlyForDeploymentPostprocessing = 0;
		};
		5DEE4C9E2DF273F100A7684B /* Sources */ = {
			isa = PBXSourcesBuildPhase;
			buildActionMask = 2147483647;
			files = (
			);
			runOnlyForDeploymentPostprocessing = 0;
		};
/* End PBXSourcesBuildPhase section */

/* Begin PBXTargetDependency section */
		5DEE4C9A2DF273F100A7684B /* PBXTargetDependency */ = {
			isa = PBXTargetDependency;
			target = 5DEE4C8A2DF273EF00A7684B /* VBANMic */;
			targetProxy = 5DEE4C992DF273F100A7684B /* PBXContainerItemProxy */;
		};
		5DEE4CA42DF273F100A7684B /* PBXTargetDependency */ = {
			isa = PBXTargetDependency;
			target = 5DEE4C8A2DF273EF00A7684B /* VBANMic */;
			targetProxy = 5DEE4CA32DF273F100A7684B /* PBXContainerItemProxy */;
		};
/* End PBXTargetDependency section */

/* Begin XCBuildConfiguration section */
		5DEE4CAA2DF273F100A7684B /* Debug */ = {
			isa = XCBuildConfiguration;
			buildSettings = {
				ALWAYS_SEARCH_USER_PATHS = NO;
				ASSETCATALOG_COMPILER_GENERATE_SWIFT_ASSET_SYMBOL_EXTENSIONS = YES;
				CLANG_ANALYZER_NONNULL = YES;
				CLANG_ANALYZER_NUMBER_OBJECT_CONVERSION = YES_AGGRESSIVE;
				CLANG_CXX_LANGUAGE_STANDARD = "gnu++20";
				CLANG_ENABLE_MODULES = YES;
				CLANG_ENABLE_OBJC_ARC = YES;
				CLANG_ENABLE_OBJC_WEAK = YES;
				CLANG_WARN_BLOCK_CAPTURE_AUTORELEASING = YES;
				CLANG_WARN_BOOL_CONVERSION = YES;
				CLANG_WARN_COMMA = YES;
				CLANG_WARN_CONSTANT_CONVERSION = YES;
				CLANG_WARN_DEPRECATED_OBJC_IMPLEMENTATIONS = YES;
				CLANG_WARN_DIRECT_OBJC_ISA_USAGE = YES_ERROR;
				CLANG_WARN_DOCUMENTATION_COMMENTS = YES;
				CLANG_WARN_EMPTY_BODY = YES;
				CLANG_WARN_ENUM_CONVERSION = YES;
				CLANG_WARN_INFINITE_RECURSION = YES;
				CLANG_WARN_INT_CONVERSION = YES;
				CLANG_WARN_NON_LITERAL_NULL_CONVERSION = YES;
				CLANG_WARN_OBJC_IMPLICIT_RETAIN_SELF = YES;
				CLANG_WARN_OBJC_LITERAL_CONVERSION = YES;
				CLANG_WARN_OBJC_ROOT_CLASS = YES_ERROR;
				CLANG_WARN_QUOTED_INCLUDE_IN_FRAMEWORK_HEADER = YES;
				CLANG_WARN_RANGE_LOOP_ANALYSIS = YES;
				CLANG_WARN_STRICT_PROTOTYPES = YES;
				CLANG_WARN_SUSPICIOUS_MOVE = YES;
				CLANG_WARN_UNGUARDED_AVAILABILITY = YES_AGGRESSIVE;
				CLANG_WARN_UNREACHABLE_CODE = YES;
				CLANG_WARN__DUPLICATE_METHOD_MATCH = YES;
				COPY_PHASE_STRIP = NO;
				DEBUG_INFORMATION_FORMAT = dwarf;
				ENABLE_STRICT_OBJC_MSGSEND = YES;
				ENABLE_TESTABILITY = YES;
				ENABLE_USER_SCRIPT_SANDBOXING = YES;
				GCC_C_LANGUAGE_STANDARD = gnu17;
				GCC_DYNAMIC_NO_PIC = NO;
				GCC_NO_COMMON_BLOCKS = YES;
				GCC_OPTIMIZATION_LEVEL = 0;
				GCC_PREPROCESSOR_DEFINITIONS = (
					"DEBUG=1",
					"$(inherited)",
				);
				GCC_WARN_64_TO_32_BIT_CONVERSION = YES;
				GCC_WARN_ABOUT_RETURN_TYPE = YES_ERROR;
				GCC_WARN_UNDECLARED_SELECTOR = YES;
				GCC_WARN_UNINITIALIZED_AUTOS = YES_AGGRESSIVE;
				GCC_WARN_UNUSED_FUNCTION = YES;
				GCC_WARN_UNUSED_VARIABLE = YES;
				IPHONEOS_DEPLOYMENT_TARGET = 18.5;
				LOCALIZATION_PREFERS_STRING_CATALOGS = YES;
				MTL_ENABLE_DEBUG_INFO = INCLUDE_SOURCE;
				MTL_FAST_MATH = YES;
				ONLY_ACTIVE_ARCH = YES;
				SDKROOT = iphoneos;
				SWIFT_ACTIVE_COMPILATION_CONDITIONS = "DEBUG $(inherited)";
				SWIFT_OPTIMIZATION_LEVEL = "-Onone";
			};
			name = Debug;
		};
		5DEE4CAB2DF273F100A7684B /* Release */ = {
			isa = XCBuildConfiguration;
			buildSettings = {
				ALWAYS_SEARCH_USER_PATHS = NO;
				ASSETCATALOG_COMPILER_GENERATE_SWIFT_ASSET_SYMBOL_EXTENSIONS = YES;
				CLANG_ANALYZER_NONNULL = YES;
				CLANG_ANALYZER_NUMBER_OBJECT_CONVERSION = YES_AGGRESSIVE;
				CLANG_CXX_LANGUAGE_STANDARD = "gnu++20";
				CLANG_ENABLE_MODULES = YES;
				CLANG_ENABLE_OBJC_ARC = YES;
				CLANG_ENABLE_OBJC_WEAK = YES;
				CLANG_WARN_BLOCK_CAPTURE_AUTORELEASING = YES;
				CLANG_WARN_BOOL_CONVERSION = YES;
				CLANG_WARN_COMMA = YES;
				CLANG_WARN_CONSTANT_CONVERSION = YES;
				CLANG_WARN_DEPRECATED_OBJC_IMPLEMENTATIONS = YES;
				CLANG_WARN_DIRECT_OBJC_ISA_USAGE = YES_ERROR;
				CLANG_WARN_DOCUMENTATION_COMMENTS = YES;
				CLANG_WARN_EMPTY_BODY = YES;
				CLANG_WARN_ENUM_CONVERSION = YES;
				CLANG_WARN_INFINITE_RECURSION = YES;
				CLANG_WARN_INT_CONVERSION = YES;
				CLANG_WARN_NON_LITERAL_NULL_CONVERSION = YES;
				CLANG_WARN_OBJC_IMPLICIT_RETAIN_SELF = YES;
				CLANG_WARN_OBJC_LITERAL_CONVERSION = YES;
				CLANG_WARN_OBJC_ROOT_CLASS = YES_ERROR;
				CLANG_WARN_QUOTED_INCLUDE_IN_FRAMEWORK_HEADER = YES;
				CLANG_WARN_RANGE_LOOP_ANALYSIS = YES;
				CLANG_WARN_STRICT_PROTOTYPES = YES;
				CLANG_WARN_SUSPICIOUS_MOVE = YES;
				CLANG_WARN_UNGUARDED_AVAILABILITY = YES_AGGRESSIVE;
				CLANG_WARN_UNREACHABLE_CODE = YES;
				CLANG_WARN__DUPLICATE_METHOD_MATCH = YES;
				COPY_PHASE_STRIP = NO;
				DEBUG_INFORMATION_FORMAT = "dwarf-with-dsym";
				ENABLE_NS_ASSERTIONS = NO;
				ENABLE_STRICT_OBJC_MSGSEND = YES;
				ENABLE_USER_SCRIPT_SANDBOXING = YES;
				GCC_C_LANGUAGE_STANDARD = gnu17;
				GCC_NO_COMMON_BLOCKS = YES;
				GCC_WARN_64_TO_32_BIT_CONVERSION = YES;
				GCC_WARN_ABOUT_RETURN_TYPE = YES_ERROR;
				GCC_WARN_UNDECLARED_SELECTOR = YES;
				GCC_WARN_UNINITIALIZED_AUTOS = YES_AGGRESSIVE;
				GCC_WARN_UNUSED_FUNCTION = YES;
				GCC_WARN_UNUSED_VARIABLE = YES;
				IPHONEOS_DEPLOYMENT_TARGET = 18.5;
				LOCALIZATION_PREFERS_STRING_CATALOGS = YES;
				MTL_ENABLE_DEBUG_INFO = NO;
				MTL_FAST_MATH = YES;
				SDKROOT = iphoneos;
				SWIFT_COMPILATION_MODE = wholemodule;
				VALIDATE_PRODUCT = YES;
			};
			name = Release;
		};
		5DEE4CAD2DF273F100A7684B /* Debug */ = {
			isa = XCBuildConfiguration;
			buildSettings = {
				ASSETCATALOG_COMPILER_APPICON_NAME = AppIcon;
				ASSETCATALOG_COMPILER_GLOBAL_ACCENT_COLOR_NAME = AccentColor;
				CODE_SIGN_STYLE = Automatic;
				CURRENT_PROJECT_VERSION = 1;
				DEVELOPMENT_TEAM = 5T37BQ62RT;
				ENABLE_PREVIEWS = YES;
				GENERATE_INFOPLIST_FILE = YES;
				HEADER_SEARCH_PATHS = /Users/felixbourne/Apps/VBANMic/VBANMic;
				INFOPLIST_KEY_NSMicrophoneUsageDescription = "We need access to your microphone to stream audio to your PC.";
				INFOPLIST_KEY_UIApplicationSceneManifest_Generation = YES;
				INFOPLIST_KEY_UIApplicationSupportsIndirectInputEvents = YES;
				INFOPLIST_KEY_UILaunchScreen_Generation = YES;
				INFOPLIST_KEY_UISupportedInterfaceOrientations_iPad = "UIInterfaceOrientationPortrait UIInterfaceOrientationPortraitUpsideDown UIInterfaceOrientationLandscapeLeft UIInterfaceOrientationLandscapeRight";
				INFOPLIST_KEY_UISupportedInterfaceOrientations_iPhone = "UIInterfaceOrientationPortrait UIInterfaceOrientationLandscapeLeft UIInterfaceOrientationLandscapeRight";
				LD_RUNPATH_SEARCH_PATHS = (
					"$(inherited)",
					"@executable_path/Frameworks",
				);
				MARKETING_VERSION = 1.0;
				PRODUCT_BUNDLE_IDENTIFIER = com.bracken.VBANMic;
				PRODUCT_NAME = "$(TARGET_NAME)";
				SWIFT_EMIT_LOC_STRINGS = YES;
				SWIFT_OBJC_BRIDGING_HEADER = "VBANMic/VBANMic-Bridging-Header.h";
				SWIFT_VERSION = 5.0;
				TARGETED_DEVICE_FAMILY = "1,2";
			};
			name = Debug;
		};
		5DEE4CAE2DF273F100A7684B /* Release */ = {
			isa = XCBuildConfiguration;
			buildSettings = {
				ASSETCATALOG_COMPILER_APPICON_NAME = AppIcon;
				ASSETCATALOG_COMPILER_GLOBAL_ACCENT_COLOR_NAME = AccentColor;
				CODE_SIGN_STYLE = Automatic;
				CURRENT_PROJECT_VERSION = 1;
				DEVELOPMENT_TEAM = 5T37BQ62RT;
				ENABLE_PREVIEWS = YES;
				GENERATE_INFOPLIST_FILE = YES;
				HEADER_SEARCH_PATHS = /Users/felixbourne/Apps/VBANMic/VBANMic;
				INFOPLIST_KEY_NSMicrophoneUsageDescription = "We need access to your microphone to stream audio to your PC.";
				INFOPLIST_KEY_UIApplicationSceneManifest_Generation = YES;
				INFOPLIST_KEY_UIApplicationSupportsIndirectInputEvents = YES;
				INFOPLIST_KEY_UILaunchScreen_Generation = YES;
				INFOPLIST_KEY_UISupportedInterfaceOrientations_iPad = "UIInterfaceOrientationPortrait UIInterfaceOrientationPortraitUpsideDown UIInterfaceOrientationLandscapeLeft UIInterfaceOrientationLandscapeRight";
				INFOPLIST_KEY_UISupportedInterfaceOrientations_iPhone = "UIInterfaceOrientationPortrait UIInterfaceOrientationLandscapeLeft UIInterfaceOrientationLandscapeRight";
				LD_RUNPATH_SEARCH_PATHS = (
					"$(inherited)",
					"@executable_path/Frameworks",
				);
				MARKETING_VERSION = 1.0;
				PRODUCT_BUNDLE_IDENTIFIER = com.bracken.VBANMic;
				PRODUCT_NAME = "$(TARGET_NAME)";
				SWIFT_EMIT_LOC_STRINGS = YES;
				SWIFT_OBJC_BRIDGING_HEADER = "VBANMic/VBANMic-Bridging-Header.h";
				SWIFT_VERSION = 5.0;
				TARGETED_DEVICE_FAMILY = "1,2";
			};
			name = Release;
		};
		5DEE4CB02DF273F100A7684B /* Debug */ = {
			isa = XCBuildConfiguration;
			buildSettings = {
				BUNDLE_LOADER = "$(TEST_HOST)";
				CODE_SIGN_STYLE = Automatic;
				CURRENT_PROJECT_VERSION = 1;
				GENERATE_INFOPLIST_FILE = YES;
				IPHONEOS_DEPLOYMENT_TARGET = 18.5;
				MARKETING_VERSION = 1.0;
				PRODUCT_BUNDLE_IDENTIFIER = com.bracken.VBANMicTests;
				PRODUCT_NAME = "$(TARGET_NAME)";
				SWIFT_EMIT_LOC_STRINGS = NO;
				SWIFT_VERSION = 5.0;
				TARGETED_DEVICE_FAMILY = "1,2";
				TEST_HOST = "$(BUILT_PRODUCTS_DIR)/VBANMic.app/$(BUNDLE_EXECUTABLE_FOLDER_PATH)/VBANMic";
			};
			name = Debug;
		};
		5DEE4CB12DF273F100A7684B /* Release */ = {
			isa = XCBuildConfiguration;
			buildSettings = {
				BUNDLE_LOADER = "$(TEST_HOST)";
				CODE_SIGN_STYLE = Automatic;
				CURRENT_PROJECT_VERSION = 1;
				GENERATE_INFOPLIST_FILE = YES;
				IPHONEOS_DEPLOYMENT_TARGET = 18.5;
				MARKETING_VERSION = 1.0;
				PRODUCT_BUNDLE_IDENTIFIER = com.bracken.VBANMicTests;
				PRODUCT_NAME = "$(TARGET_NAME)";
				SWIFT_EMIT_LOC_STRINGS = NO;
				SWIFT_VERSION = 5.0;
				TARGETED_DEVICE_FAMILY = "1,2";
				TEST_HOST = "$(BUILT_PRODUCTS_DIR)/VBANMic.app/$(BUNDLE_EXECUTABLE_FOLDER_PATH)/VBANMic";
			};
			name = Release;
		};
		5DEE4CB32DF273F100A7684B /* Debug */ = {
			isa = XCBuildConfiguration;
			buildSettings = {
				CODE_SIGN_STYLE = Automatic;
				CURRENT_PROJECT_VERSION = 1;
				GENERATE_INFOPLIST_FILE = YES;
				MARKETING_VERSION = 1.0;
				PRODUCT_BUNDLE_IDENTIFIER = com.bracken.VBANMicUITests;
				PRODUCT_NAME = "$(TARGET_NAME)";
				SWIFT_EMIT_LOC_STRINGS = NO;
				SWIFT_VERSION = 5.0;
				TARGETED_DEVICE_FAMILY = "1,2";
				TEST_TARGET_NAME = VBANMic;
			};
			name = Debug;
		};
		5DEE4CB42DF273F100A7684B /* Release */ = {
			isa = XCBuildConfiguration;
			buildSettings = {
				CODE_SIGN_STYLE = Automatic;
				CURRENT_PROJECT_VERSION = 1;
				GENERATE_INFOPLIST_FILE = YES;
				MARKETING_VERSION = 1.0;
				PRODUCT_BUNDLE_IDENTIFIER = com.bracken.VBANMicUITests;
				PRODUCT_NAME = "$(TARGET_NAME)";
				SWIFT_EMIT_LOC_STRINGS = NO;
				SWIFT_VERSION = 5.0;
				TARGETED_DEVICE_FAMILY = "1,2";
				TEST_TARGET_NAME = VBANMic;
			};
			name = Release;
		};
/* End XCBuildConfiguration section */

/* Begin XCConfigurationList section */
		5DEE4C862DF273EF00A7684B /* Build configuration list for PBXProject "VBANMic" */ = {
			isa = XCConfigurationList;
			buildConfigurations = (
				5DEE4CAA2DF273F100A7684B /* Debug */,
				5DEE4CAB2DF273F100A7684B /* Release */,
			);
			defaultConfigurationIsVisible = 0;
			defaultConfigurationName = Release;
		};
		5DEE4CAC2DF273F100A7684B /* Build configuration list for PBXNativeTarget "VBANMic" */ = {
			isa = XCConfigurationList;
			buildConfigurations = (
				5DEE4CAD2DF273F100A7684B /* Debug */,
				5DEE4CAE2DF273F100A7684B /* Release */,
			);
			defaultConfigurationIsVisible = 0;
			defaultConfigurationName = Release;
		};
		5DEE4CAF2DF273F100A7684B /* Build configuration list for PBXNativeTarget "VBANMicTests" */ = {
			isa = XCConfigurationList;
			buildConfigurations = (
				5DEE4CB02DF273F100A7684B /* Debug */,
				5DEE4CB12DF273F100A7684B /* Release */,
			);
			defaultConfigurationIsVisible = 0;
			defaultConfigurationName = Release;
		};
		5DEE4CB22DF273F100A7684B /* Build configuration list for PBXNativeTarget "VBANMicUITests" */ = {
			isa = XCConfigurationList;
			buildConfigurations = (
				5DEE4CB32DF273F100A7684B /* Debug */,
				5DEE4CB42DF273F100A7684B /* Release */,
			);
			defaultConfigurationIsVisible = 0;
			defaultConfigurationName = Release;
		};
/* End XCConfigurationList section */

/* Begin XCRemoteSwiftPackageReference section */
		5DBF23962DF3E02B00A5266F /* XCRemoteSwiftPackageReference "AudioKit" */ = {
			isa = XCRemoteSwiftPackageReference;
			repositoryURL = "https://github.com/AudioKit/AudioKit/";
			requirement = {
				kind = upToNextMajorVersion;
				minimumVersion = 5.6.5;
			};
		};
		5DBF23992DF3E06F00A5266F /* XCRemoteSwiftPackageReference "AudioKitUI" */ = {
			isa = XCRemoteSwiftPackageReference;
			repositoryURL = "https://github.com/AudioKit/AudioKitUI";
			requirement = {
				kind = upToNextMajorVersion;
				minimumVersion = 0.3.7;
			};
		};
/* End XCRemoteSwiftPackageReference section */

/* Begin XCSwiftPackageProductDependency section */
		5DBF23972DF3E02B00A5266F /* AudioKit */ = {
			isa = XCSwiftPackageProductDependency;
			package = 5DBF23962DF3E02B00A5266F /* XCRemoteSwiftPackageReference "AudioKit" */;
			productName = AudioKit;
		};
		5DBF239A2DF3E06F00A5266F /* AudioKitUI */ = {
			isa = XCSwiftPackageProductDependency;
			package = 5DBF23992DF3E06F00A5266F /* XCRemoteSwiftPackageReference "AudioKitUI" */;
			productName = AudioKitUI;
		};
/* End XCSwiftPackageProductDependency section */
	};
	rootObject = 5DEE4C832DF273EF00A7684B /* Project object */;
}
